
Microsoft Visual Studio Solution File, Format Version 12.00
# Visual Studio Version 17
VisualStudioVersion = 17.0.31903.59
MinimumVisualStudioVersion = 10.0.40219.1
Project("{9A19103F-16F7-4668-BE54-9A1E7A4F7556}") = "Countries.API", "Countries.API\Countries.API.csproj", "{7C6A7C1C-9D68-4B0E-87F4-D7BC3912741E}"
EndProject
Project("{FAE04EC0-301F-11D3-BF4B-00C04F79EFBC}") = "Countries.BLL", "Countries.BLL\Countries.BLL.csproj", "{90628842-3B2B-49D6-94D7-0C4106CCD4BA}"
EndProject
Global
	GlobalSection(SolutionConfigurationPlatforms) = preSolution
		Debug|Any CPU = Debug|Any CPU
		Release|Any CPU = Release|Any CPU
	EndGlobalSection
	GlobalSection(ProjectConfigurationPlatforms) = postSolution
		{7C6A7C1C-9D68-4B0E-87F4-D7BC3912741E}.Debug|Any CPU.ActiveCfg = Debug|Any CPU
		{7C6A7C1C-9D68-4B0E-87F4-D7BC3912741E}.Debug|Any CPU.Build.0 = Debug|Any CPU
		{7C6A7C1C-9D68-4B0E-87F4-D7BC3912741E}.Release|Any CPU.ActiveCfg = Release|Any CPU
		{7C6A7C1C-9D68-4B0E-87F4-D7BC3912741E}.Release|Any CPU.Build.0 = Release|Any CPU
		{90628842-3B2B-49D6-94D7-0C4106CCD4BA}.Debug|Any CPU.ActiveCfg = Debug|Any CPU
		{90628842-3B2B-49D6-94D7-0C4106CCD4BA}.Debug|Any CPU.Build.0 = Debug|Any CPU
		{90628842-3B2B-49D6-94D7-0C4106CCD4BA}.Release|Any CPU.ActiveCfg = Release|Any CPU
		{90628842-3B2B-49D6-94D7-0C4106CCD4BA}.Release|Any CPU.Build.0 = Release|Any CPU
	EndGlobalSection
	GlobalSection(SolutionProperties) = preSolution
		HideSolutionNode = FALSE
	EndGlobalSection
	GlobalSection(ExtensibilityGlobals) = postSolution
		SolutionGuid = {7A76F10A-9353-444C-B6E5-61FB63D4EF66}
	EndGlobalSection
EndGlobal
